
Microsoft Visual Studio Solution File, Format Version 12.00
# Visual Studio 14
VisualStudioVersion = 14.0.25420.1
MinimumVisualStudioVersion = 10.0.40219.1
Project("{FAE04EC0-301F-11D3-BF4B-00C04F79EFBC}") = "ConvertFromRomanNumber", "ConvertFromRomanNumber\ConvertFromRomanNumber.csproj", "{BCC2817B-9DA1-42EB-9E49-3E60648D7CB2}"
EndProject
Project("{FAE04EC0-301F-11D3-BF4B-00C04F79EFBC}") = "ConvertFromRomanNumber.Test", "ConvertFromRomanNumberTest\ConvertFromRomanNumber.Test.csproj", "{F13A50D6-F036-41E8-A2B9-4CA7C06C17F4}"
EndProject
Global
	GlobalSection(SolutionConfigurationPlatforms) = preSolution
		Debug|Any CPU = Debug|Any CPU
		Release|Any CPU = Release|Any CPU
	EndGlobalSection
	GlobalSection(ProjectConfigurationPlatforms) = postSolution
		{BCC2817B-9DA1-42EB-9E49-3E60648D7CB2}.Debug|Any CPU.ActiveCfg = Debug|Any CPU
		{BCC2817B-9DA1-42EB-9E49-3E60648D7CB2}.Debug|Any CPU.Build.0 = Debug|Any CPU
		{BCC2817B-9DA1-42EB-9E49-3E60648D7CB2}.Release|Any CPU.ActiveCfg = Release|Any CPU
		{BCC2817B-9DA1-42EB-9E49-3E60648D7CB2}.Release|Any CPU.Build.0 = Release|Any CPU
		{F13A50D6-F036-41E8-A2B9-4CA7C06C17F4}.Debug|Any CPU.ActiveCfg = Debug|Any CPU
		{F13A50D6-F036-41E8-A2B9-4CA7C06C17F4}.Debug|Any CPU.Build.0 = Debug|Any CPU
		{F13A50D6-F036-41E8-A2B9-4CA7C06C17F4}.Release|Any CPU.ActiveCfg = Release|Any CPU
		{F13A50D6-F036-41E8-A2B9-4CA7C06C17F4}.Release|Any CPU.Build.0 = Release|Any CPU
	EndGlobalSection
	GlobalSection(SolutionProperties) = preSolution
		HideSolutionNode = FALSE
	EndGlobalSection
EndGlobal
